
Microsoft Visual Studio Solution File, Format Version 12.00
# Visual Studio 2017
Project("{FAE04EC0-301F-11D3-BF4B-00C04F79EFBC}") = "Tp1_m3da", "Tp1_m3da.csproj", "{06AD04D7-D81E-9EE5-F5F2-F13EAE20803A}"
EndProject
Global
	GlobalSection(SolutionConfigurationPlatforms) = preSolution
		Debug|Any CPU = Debug|Any CPU
		Release|Any CPU = Release|Any CPU
	EndGlobalSection
	GlobalSection(ProjectConfigurationPlatforms) = postSolution
		{06AD04D7-D81E-9EE5-F5F2-F13EAE20803A}.Debug|Any CPU.ActiveCfg = Debug|Any CPU
		{06AD04D7-D81E-9EE5-F5F2-F13EAE20803A}.Debug|Any CPU.Build.0 = Debug|Any CPU
		{06AD04D7-D81E-9EE5-F5F2-F13EAE20803A}.Release|Any CPU.ActiveCfg = Release|Any CPU
		{06AD04D7-D81E-9EE5-F5F2-F13EAE20803A}.Release|Any CPU.Build.0 = Release|Any CPU
	EndGlobalSection
	GlobalSection(SolutionProperties) = preSolution
		HideSolutionNode = FALSE
	EndGlobalSection
EndGlobal
